
Microsoft Visual Studio Solution File, Format Version 9.00
# Visual Studio 2005
Project("{F184B08F-C81C-45F6-A57F-5ABD9991F28F}") = "QuickAccounting", "QuickAccounting\QuickAccounting.vbproj", "{858F6AFC-E952-4765-AFD1-4C7CBCCF442E}"
EndProject
Project("{F184B08F-C81C-45F6-A57F-5ABD9991F28F}") = "QuickERP", "Main\QuickERP.vbproj", "{6B101AF3-E5EA-43FF-9C2F-3206E176325A}"
EndProject
Project("{F184B08F-C81C-45F6-A57F-5ABD9991F28F}") = "QuickDAL", "QuickBase\QuickDAL\QuickDAL.vbproj", "{25F64F21-2688-45A1-B7F6-C1691437FBDD}"
EndProject
Project("{F184B08F-C81C-45F6-A57F-5ABD9991F28F}") = "QuickInventory", "QuickInventory\QuickInventory.vbproj", "{461263BE-9D16-4129-997C-778A0DD8DAD0}"
EndProject
Project("{F184B08F-C81C-45F6-A57F-5ABD9991F28F}") = "QuickReports", "QuickReports\QuickReports.vbproj", "{C1CCD22C-08D2-4ACF-81F3-FFE6D0DBC796}"
EndProject
Global
	GlobalSection(SourceCodeControl) = preSolution
		SccNumberOfProjects = 5
		SccProjectUniqueName0 = QuickAccounting\\QuickAccounting.vbproj
		SccProjectName0 = \u0022$/Projects/Uniformers/QuickErp/Source/QuickAccounting\u0022,\u0020VIAAAAAA
		SccLocalPath0 = QuickAccounting
		SccProvider0 = MSSCCI:Microsoft\u0020Visual\u0020SourceSafe
		SccProjectUniqueName1 = Main\\QuickERP.vbproj
		SccProjectName1 = \u0022$/Projects/Uniformers/QuickErp/Source/Main\u0022,\u0020XAAAAAAA
		SccLocalPath1 = Main
		SccProvider1 = MSSCCI:Microsoft\u0020Visual\u0020SourceSafe
		SccProjectUniqueName2 = QuickBase\\QuickDAL\\QuickDAL.vbproj
		SccProjectName2 = \u0022$/Projects/Uniformers/QuickErp/Source/QuickBase/QuickDAL\u0022,\u0020EAAAAAAA
		SccLocalPath2 = QuickBase\\QuickDAL
		SccProvider2 = MSSCCI:Microsoft\u0020Visual\u0020SourceSafe
		SccProjectUniqueName3 = QuickInventory\\QuickInventory.vbproj
		SccProjectName3 = \u0022$/Projects/Uniformers/QuickErp/Source/QuickInventory\u0022,\u0020PCAAAAAA
		SccLocalPath3 = QuickInventory
		SccProvider3 = MSSCCI:Microsoft\u0020Visual\u0020SourceSafe
		SccProjectUniqueName4 = QuickReports\\QuickReports.vbproj
		SccProjectName4 = \u0022$/Projects/Uniformers/QuickErp/Source/QuickReports\u0022,\u0020MLAAAAAA
		SccLocalPath4 = QuickReports
		SccProvider4 = MSSCCI:Microsoft\u0020Visual\u0020SourceSafe
	EndGlobalSection
	GlobalSection(SolutionConfigurationPlatforms) = preSolution
		Debug|Any CPU = Debug|Any CPU
		Release|Any CPU = Release|Any CPU
	EndGlobalSection
	GlobalSection(ProjectConfigurationPlatforms) = postSolution
		{858F6AFC-E952-4765-AFD1-4C7CBCCF442E}.Debug|Any CPU.ActiveCfg = Debug|Any CPU
		{858F6AFC-E952-4765-AFD1-4C7CBCCF442E}.Debug|Any CPU.Build.0 = Debug|Any CPU
		{858F6AFC-E952-4765-AFD1-4C7CBCCF442E}.Release|Any CPU.ActiveCfg = Release|Any CPU
		{858F6AFC-E952-4765-AFD1-4C7CBCCF442E}.Release|Any CPU.Build.0 = Release|Any CPU
		{6B101AF3-E5EA-43FF-9C2F-3206E176325A}.Debug|Any CPU.ActiveCfg = Debug|Any CPU
		{6B101AF3-E5EA-43FF-9C2F-3206E176325A}.Debug|Any CPU.Build.0 = Debug|Any CPU
		{6B101AF3-E5EA-43FF-9C2F-3206E176325A}.Release|Any CPU.ActiveCfg = Release|Any CPU
		{6B101AF3-E5EA-43FF-9C2F-3206E176325A}.Release|Any CPU.Build.0 = Release|Any CPU
		{25F64F21-2688-45A1-B7F6-C1691437FBDD}.Debug|Any CPU.ActiveCfg = Debug|Any CPU
		{25F64F21-2688-45A1-B7F6-C1691437FBDD}.Debug|Any CPU.Build.0 = Debug|Any CPU
		{25F64F21-2688-45A1-B7F6-C1691437FBDD}.Release|Any CPU.ActiveCfg = Release|Any CPU
		{25F64F21-2688-45A1-B7F6-C1691437FBDD}.Release|Any CPU.Build.0 = Release|Any CPU
		{461263BE-9D16-4129-997C-778A0DD8DAD0}.Debug|Any CPU.ActiveCfg = Debug|Any CPU
		{461263BE-9D16-4129-997C-778A0DD8DAD0}.Debug|Any CPU.Build.0 = Debug|Any CPU
		{461263BE-9D16-4129-997C-778A0DD8DAD0}.Release|Any CPU.ActiveCfg = Release|Any CPU
		{461263BE-9D16-4129-997C-778A0DD8DAD0}.Release|Any CPU.Build.0 = Release|Any CPU
		{C1CCD22C-08D2-4ACF-81F3-FFE6D0DBC796}.Debug|Any CPU.ActiveCfg = Debug|Any CPU
		{C1CCD22C-08D2-4ACF-81F3-FFE6D0DBC796}.Debug|Any CPU.Build.0 = Debug|Any CPU
		{C1CCD22C-08D2-4ACF-81F3-FFE6D0DBC796}.Release|Any CPU.ActiveCfg = Release|Any CPU
		{C1CCD22C-08D2-4ACF-81F3-FFE6D0DBC796}.Release|Any CPU.Build.0 = Release|Any CPU
	EndGlobalSection
	GlobalSection(SolutionProperties) = preSolution
		HideSolutionNode = FALSE
	EndGlobalSection
EndGlobal
